
Microsoft Visual Studio Solution File, Format Version 12.00
# Visual Studio Version 17
VisualStudioVersion = 17.6.33829.357
MinimumVisualStudioVersion = 10.0.40219.1
Project("{9A19103F-16F7-4668-BE54-9A1E7A4F7556}") = "NewTasks", "NewTasks\NewTasks.csproj", "{B92688A8-CF06-43E3-9AFE-107F87C6EBD0}"
EndProject
Project("{9A19103F-16F7-4668-BE54-9A1E7A4F7556}") = "Task3_2v2", "Task3_2v2\Task3_2v2.csproj", "{BB60ECA7-0426-4811-BB81-18B5A0875780}"
EndProject
Project("{9A19103F-16F7-4668-BE54-9A1E7A4F7556}") = "Task3_1", "Task3_1\Task3_1.csproj", "{FEC62791-27E5-472D-96DD-C0A1DF946B52}"
EndProject
Project("{9A19103F-16F7-4668-BE54-9A1E7A4F7556}") = "Task4_v2", "Task4_v2\Task4_v2.csproj", "{58DB4CC6-74F3-43ED-AE1D-BD28D3D36EBF}"
EndProject
Project("{FAE04EC0-301F-11D3-BF4B-00C04F79EFBC}") = "Task6.2", "Task6.2\Task6.2.csproj", "{E44B1C75-3E0D-4C63-85EB-1D68E42B51C2}"
EndProject
Global
	GlobalSection(SolutionConfigurationPlatforms) = preSolution
		Debug|Any CPU = Debug|Any CPU
		Release|Any CPU = Release|Any CPU
	EndGlobalSection
	GlobalSection(ProjectConfigurationPlatforms) = postSolution
		{B92688A8-CF06-43E3-9AFE-107F87C6EBD0}.Debug|Any CPU.ActiveCfg = Debug|Any CPU
		{B92688A8-CF06-43E3-9AFE-107F87C6EBD0}.Debug|Any CPU.Build.0 = Debug|Any CPU
		{B92688A8-CF06-43E3-9AFE-107F87C6EBD0}.Release|Any CPU.ActiveCfg = Release|Any CPU
		{B92688A8-CF06-43E3-9AFE-107F87C6EBD0}.Release|Any CPU.Build.0 = Release|Any CPU
		{BB60ECA7-0426-4811-BB81-18B5A0875780}.Debug|Any CPU.ActiveCfg = Debug|Any CPU
		{BB60ECA7-0426-4811-BB81-18B5A0875780}.Debug|Any CPU.Build.0 = Debug|Any CPU
		{BB60ECA7-0426-4811-BB81-18B5A0875780}.Release|Any CPU.ActiveCfg = Release|Any CPU
		{BB60ECA7-0426-4811-BB81-18B5A0875780}.Release|Any CPU.Build.0 = Release|Any CPU
		{FEC62791-27E5-472D-96DD-C0A1DF946B52}.Debug|Any CPU.ActiveCfg = Debug|Any CPU
		{FEC62791-27E5-472D-96DD-C0A1DF946B52}.Debug|Any CPU.Build.0 = Debug|Any CPU
		{FEC62791-27E5-472D-96DD-C0A1DF946B52}.Release|Any CPU.ActiveCfg = Release|Any CPU
		{FEC62791-27E5-472D-96DD-C0A1DF946B52}.Release|Any CPU.Build.0 = Release|Any CPU
		{58DB4CC6-74F3-43ED-AE1D-BD28D3D36EBF}.Debug|Any CPU.ActiveCfg = Debug|Any CPU
		{58DB4CC6-74F3-43ED-AE1D-BD28D3D36EBF}.Debug|Any CPU.Build.0 = Debug|Any CPU
		{58DB4CC6-74F3-43ED-AE1D-BD28D3D36EBF}.Release|Any CPU.ActiveCfg = Release|Any CPU
		{58DB4CC6-74F3-43ED-AE1D-BD28D3D36EBF}.Release|Any CPU.Build.0 = Release|Any CPU
		{E44B1C75-3E0D-4C63-85EB-1D68E42B51C2}.Debug|Any CPU.ActiveCfg = Debug|Any CPU
		{E44B1C75-3E0D-4C63-85EB-1D68E42B51C2}.Debug|Any CPU.Build.0 = Debug|Any CPU
		{E44B1C75-3E0D-4C63-85EB-1D68E42B51C2}.Release|Any CPU.ActiveCfg = Release|Any CPU
		{E44B1C75-3E0D-4C63-85EB-1D68E42B51C2}.Release|Any CPU.Build.0 = Release|Any CPU
	EndGlobalSection
	GlobalSection(SolutionProperties) = preSolution
		HideSolutionNode = FALSE
	EndGlobalSection
	GlobalSection(ExtensibilityGlobals) = postSolution
		SolutionGuid = {B0CF5FC2-72BD-468C-8821-C40682D56865}
	EndGlobalSection
EndGlobal
