
Microsoft Visual Studio Solution File, Format Version 12.00
# Visual Studio Version 17
VisualStudioVersion = 17.6.33829.357
MinimumVisualStudioVersion = 10.0.40219.1
Project("{9A19103F-16F7-4668-BE54-9A1E7A4F7556}") = "NewTasks", "NewTasks\NewTasks.csproj", "{B92688A8-CF06-43E3-9AFE-107F87C6EBD0}"
EndProject
Project("{FAE04EC0-301F-11D3-BF4B-00C04F79EFBC}") = "Task3_2v2", "Task3_2v2\Task3_2v2.csproj", "{BB60ECA7-0426-4811-BB81-18B5A0875780}"
EndProject
Global
	GlobalSection(SolutionConfigurationPlatforms) = preSolution
		Debug|Any CPU = Debug|Any CPU
		Release|Any CPU = Release|Any CPU
	EndGlobalSection
	GlobalSection(ProjectConfigurationPlatforms) = postSolution
		{B92688A8-CF06-43E3-9AFE-107F87C6EBD0}.Debug|Any CPU.ActiveCfg = Debug|Any CPU
		{B92688A8-CF06-43E3-9AFE-107F87C6EBD0}.Debug|Any CPU.Build.0 = Debug|Any CPU
		{B92688A8-CF06-43E3-9AFE-107F87C6EBD0}.Release|Any CPU.ActiveCfg = Release|Any CPU
		{B92688A8-CF06-43E3-9AFE-107F87C6EBD0}.Release|Any CPU.Build.0 = Release|Any CPU
		{BB60ECA7-0426-4811-BB81-18B5A0875780}.Debug|Any CPU.ActiveCfg = Debug|Any CPU
		{BB60ECA7-0426-4811-BB81-18B5A0875780}.Debug|Any CPU.Build.0 = Debug|Any CPU
		{BB60ECA7-0426-4811-BB81-18B5A0875780}.Release|Any CPU.ActiveCfg = Release|Any CPU
		{BB60ECA7-0426-4811-BB81-18B5A0875780}.Release|Any CPU.Build.0 = Release|Any CPU
	EndGlobalSection
	GlobalSection(SolutionProperties) = preSolution
		HideSolutionNode = FALSE
	EndGlobalSection
	GlobalSection(ExtensibilityGlobals) = postSolution
		SolutionGuid = {B0CF5FC2-72BD-468C-8821-C40682D56865}
	EndGlobalSection
EndGlobal
